
Microsoft Visual Studio Solution File, Format Version 12.00
# Visual Studio Version 17
VisualStudioVersion = 17.7.34024.191
MinimumVisualStudioVersion = 10.0.40219.1
Project("{FAE04EC0-301F-11D3-BF4B-00C04F79EFBC}") = "20312RekurzeOpakovani", "20312RekurzeOpakovani\20312RekurzeOpakovani.csproj", "{B730EEC1-736D-463B-9E06-AB68709C5487}"
EndProject
Global
	GlobalSection(SolutionConfigurationPlatforms) = preSolution
		Debug|Any CPU = Debug|Any CPU
		Release|Any CPU = Release|Any CPU
	EndGlobalSection
	GlobalSection(ProjectConfigurationPlatforms) = postSolution
		{B730EEC1-736D-463B-9E06-AB68709C5487}.Debug|Any CPU.ActiveCfg = Debug|Any CPU
		{B730EEC1-736D-463B-9E06-AB68709C5487}.Debug|Any CPU.Build.0 = Debug|Any CPU
		{B730EEC1-736D-463B-9E06-AB68709C5487}.Release|Any CPU.ActiveCfg = Release|Any CPU
		{B730EEC1-736D-463B-9E06-AB68709C5487}.Release|Any CPU.Build.0 = Release|Any CPU
	EndGlobalSection
	GlobalSection(SolutionProperties) = preSolution
		HideSolutionNode = FALSE
	EndGlobalSection
	GlobalSection(ExtensibilityGlobals) = postSolution
		SolutionGuid = {598429AD-6CD3-4DFA-82C6-BE0AD48422F2}
	EndGlobalSection
EndGlobal
